
Microsoft Visual Studio Solution File, Format Version 12.00
# Visual Studio Version 17
VisualStudioVersion = 17.11.35219.272
MinimumVisualStudioVersion = 10.0.40219.1
Project("{FAE04EC0-301F-11D3-BF4B-00C04F79EFBC}") = "ChristmasTreeKata", "ChristmasTreeKata\ChristmasTreeKata.csproj", "{995079A0-7FF9-49D1-B69B-A988EAC374BE}"
EndProject
Project("{FAE04EC0-301F-11D3-BF4B-00C04F79EFBC}") = "ChristmasTreeTests", "ChristmasTreeTests\ChristmasTreeTests.csproj", "{5A92F158-9BDA-4E84-81EC-5E397190B83D}"
EndProject
Global
	GlobalSection(SolutionConfigurationPlatforms) = preSolution
		Debug|Any CPU = Debug|Any CPU
		Release|Any CPU = Release|Any CPU
	EndGlobalSection
	GlobalSection(ProjectConfigurationPlatforms) = postSolution
		{995079A0-7FF9-49D1-B69B-A988EAC374BE}.Debug|Any CPU.ActiveCfg = Debug|Any CPU
		{995079A0-7FF9-49D1-B69B-A988EAC374BE}.Debug|Any CPU.Build.0 = Debug|Any CPU
		{995079A0-7FF9-49D1-B69B-A988EAC374BE}.Release|Any CPU.ActiveCfg = Release|Any CPU
		{995079A0-7FF9-49D1-B69B-A988EAC374BE}.Release|Any CPU.Build.0 = Release|Any CPU
		{5A92F158-9BDA-4E84-81EC-5E397190B83D}.Debug|Any CPU.ActiveCfg = Debug|Any CPU
		{5A92F158-9BDA-4E84-81EC-5E397190B83D}.Debug|Any CPU.Build.0 = Debug|Any CPU
		{5A92F158-9BDA-4E84-81EC-5E397190B83D}.Release|Any CPU.ActiveCfg = Release|Any CPU
		{5A92F158-9BDA-4E84-81EC-5E397190B83D}.Release|Any CPU.Build.0 = Release|Any CPU
	EndGlobalSection
	GlobalSection(SolutionProperties) = preSolution
		HideSolutionNode = FALSE
	EndGlobalSection
	GlobalSection(ExtensibilityGlobals) = postSolution
		SolutionGuid = {7483FD77-CE40-4D33-AE67-818A463778FA}
	EndGlobalSection
EndGlobal
